# This file is automatically @generated by Cargo.
# It is not intended for manual editing.
version = 4

[[package]]
name = "allocator_crate"
version = "0.1.0"
dependencies = [
 "blueos_infra",
 "const-default",
 "log",
]

[[package]]
name = "blueos_infra"
version = "0.1.0"

[[package]]
name = "const-default"
version = "1.0.0"

[[package]]
name = "log"
version = "0.4.28"
